
Microsoft Visual Studio Solution File, Format Version 12.00
# Visual Studio 15
VisualStudioVersion = 15.0.27703.2018
MinimumVisualStudioVersion = 10.0.40219.1
Project("{FAE04EC0-301F-11D3-BF4B-00C04F79EFBC}") = "Youtube downloader", "Youtube downloader\Youtube downloader.csproj", "{323FCCA3-8727-48E8-8847-8CA846A320DC}"
EndProject
Global
	GlobalSection(SolutionConfigurationPlatforms) = preSolution
		Debug|Any CPU = Debug|Any CPU
		Release|Any CPU = Release|Any CPU
	EndGlobalSection
	GlobalSection(ProjectConfigurationPlatforms) = postSolution
		{323FCCA3-8727-48E8-8847-8CA846A320DC}.Debug|Any CPU.ActiveCfg = Debug|Any CPU
		{323FCCA3-8727-48E8-8847-8CA846A320DC}.Debug|Any CPU.Build.0 = Debug|Any CPU
		{323FCCA3-8727-48E8-8847-8CA846A320DC}.Release|Any CPU.ActiveCfg = Release|Any CPU
		{323FCCA3-8727-48E8-8847-8CA846A320DC}.Release|Any CPU.Build.0 = Release|Any CPU
	EndGlobalSection
	GlobalSection(SolutionProperties) = preSolution
		HideSolutionNode = FALSE
	EndGlobalSection
	GlobalSection(ExtensibilityGlobals) = postSolution
		SolutionGuid = {68BC2591-65BB-486D-93B1-48FE14A1A329}
	EndGlobalSection
EndGlobal
